{
  "name": "short-and-sweet-devcontainers-intro",
  "version": "1.0.0",
  "lockfileVersion": 3,
  "requires": true,
  "packages": {
    "": {
      "name": "short-and-sweet-devcontainers-intro",
      "version": "1.0.0",
      "dependencies": {
        "all-your-base-now-belong-to-us": "file:./npm-all-your-base-now-belong-to-us"
      }
    },
    "node_modules/all-your-base-now-belong-to-us": {
      "resolved": "npm-all-your-base-now-belong-to-us",
      "link": true
    },
    "npm-all-your-base-now-belong-to-us": {
      "name": "all-your-base-now-belong-to-us",
      "version": "1.0.0",
      "hasInstallScript": true,
      "license": "MIT"
    }
  }
}
